{
  "requires": true,
  "lockfileVersion": 1,
  "dependencies": {
    "muuri": {
      "version": "0.9.3",
      "resolved": "https://registry.npmjs.org/muuri/-/muuri-0.9.3.tgz",
      "integrity": "sha512-GZGTaHxYALCCH04mmxkZ6nVr5nq2Ur8dQfbxFtyejP4U8kjae/6ZE2A9bugRBWMUIuyGRQ9btROj0gV6jQqFpQ=="
    }
  }
}
